
Microsoft Visual Studio Solution File, Format Version 12.00
# Visual Studio Version 16
VisualStudioVersion = 16.0.31424.327
MinimumVisualStudioVersion = 10.0.40219.1
Project("{8BC9CEB8-8B4A-11D0-8D11-00A0C91BC942}") = "hash_import_table", "hash_import_table\hash_import_table.vcxproj", "{85CA04C1-EB85-429C-9121-4C96E3A6443F}"
EndProject
Project("{8BC9CEB8-8B4A-11D0-8D11-00A0C91BC942}") = "hash_import_table64", "hash_import_table64\hash_import_table64.vcxproj", "{C58BE527-89A9-4884-925B-86CE1EBCBFC9}"
EndProject
Global
	GlobalSection(SolutionConfigurationPlatforms) = preSolution
		Debug|x64 = Debug|x64
		Debug|x86 = Debug|x86
		Release|x64 = Release|x64
		Release|x86 = Release|x86
	EndGlobalSection
	GlobalSection(ProjectConfigurationPlatforms) = postSolution
		{85CA04C1-EB85-429C-9121-4C96E3A6443F}.Debug|x64.ActiveCfg = Debug|x64
		{85CA04C1-EB85-429C-9121-4C96E3A6443F}.Debug|x64.Build.0 = Debug|x64
		{85CA04C1-EB85-429C-9121-4C96E3A6443F}.Debug|x86.ActiveCfg = Debug|Win32
		{85CA04C1-EB85-429C-9121-4C96E3A6443F}.Debug|x86.Build.0 = Debug|Win32
		{85CA04C1-EB85-429C-9121-4C96E3A6443F}.Release|x64.ActiveCfg = Release|x64
		{85CA04C1-EB85-429C-9121-4C96E3A6443F}.Release|x64.Build.0 = Release|x64
		{85CA04C1-EB85-429C-9121-4C96E3A6443F}.Release|x86.ActiveCfg = Release|Win32
		{85CA04C1-EB85-429C-9121-4C96E3A6443F}.Release|x86.Build.0 = Release|Win32
		{C58BE527-89A9-4884-925B-86CE1EBCBFC9}.Debug|x64.ActiveCfg = Debug|x64
		{C58BE527-89A9-4884-925B-86CE1EBCBFC9}.Debug|x64.Build.0 = Debug|x64
		{C58BE527-89A9-4884-925B-86CE1EBCBFC9}.Debug|x86.ActiveCfg = Debug|x64
		{C58BE527-89A9-4884-925B-86CE1EBCBFC9}.Debug|x86.Build.0 = Debug|x64
		{C58BE527-89A9-4884-925B-86CE1EBCBFC9}.Release|x64.ActiveCfg = Release|x64
		{C58BE527-89A9-4884-925B-86CE1EBCBFC9}.Release|x64.Build.0 = Release|x64
		{C58BE527-89A9-4884-925B-86CE1EBCBFC9}.Release|x86.ActiveCfg = Release|Win32
		{C58BE527-89A9-4884-925B-86CE1EBCBFC9}.Release|x86.Build.0 = Release|Win32
	EndGlobalSection
	GlobalSection(SolutionProperties) = preSolution
		HideSolutionNode = FALSE
	EndGlobalSection
	GlobalSection(ExtensibilityGlobals) = postSolution
		SolutionGuid = {1F6512FB-9653-474C-B30D-BE0483F30988}
	EndGlobalSection
EndGlobal
